
Microsoft Visual Studio Solution File, Format Version 12.00
# Visual Studio Version 17
VisualStudioVersion = 17.2.32630.192
MinimumVisualStudioVersion = 10.0.40219.1
Project("{FAE04EC0-301F-11D3-BF4B-00C04F79EFBC}") = "HomeLibrary", "HomeLibrary.csproj", "{0F9503DA-1027-48D4-8DC9-58C7A8F1B377}"
EndProject
Global
	GlobalSection(SolutionConfigurationPlatforms) = preSolution
		Debug|Any CPU = Debug|Any CPU
		Release|Any CPU = Release|Any CPU
	EndGlobalSection
	GlobalSection(ProjectConfigurationPlatforms) = postSolution
		{0F9503DA-1027-48D4-8DC9-58C7A8F1B377}.Debug|Any CPU.ActiveCfg = Debug|Any CPU
		{0F9503DA-1027-48D4-8DC9-58C7A8F1B377}.Debug|Any CPU.Build.0 = Debug|Any CPU
		{0F9503DA-1027-48D4-8DC9-58C7A8F1B377}.Release|Any CPU.ActiveCfg = Release|Any CPU
		{0F9503DA-1027-48D4-8DC9-58C7A8F1B377}.Release|Any CPU.Build.0 = Release|Any CPU
	EndGlobalSection
	GlobalSection(SolutionProperties) = preSolution
		HideSolutionNode = FALSE
	EndGlobalSection
	GlobalSection(ExtensibilityGlobals) = postSolution
		SolutionGuid = {5730AC21-9B00-4999-8E09-A1D92073A39A}
	EndGlobalSection
EndGlobal
